
Microsoft Visual Studio Solution File, Format Version 12.00
# Visual Studio 2012
Project("{FAE04EC0-301F-11D3-BF4B-00C04F79EFBC}") = "libArgument", "libArgument\libArgument.csproj", "{FE5B4B56-39AB-49C0-8274-8ADC348F4185}"
EndProject
Project("{FAE04EC0-301F-11D3-BF4B-00C04F79EFBC}") = "libArgument.Tests", "libArgument.Tests\libArgument.Tests.csproj", "{48CD96FD-270B-491B-83F6-6E2ECD07DE29}"
EndProject
Global
	GlobalSection(SolutionConfigurationPlatforms) = preSolution
		Debug|Any CPU = Debug|Any CPU
		Release|Any CPU = Release|Any CPU
	EndGlobalSection
	GlobalSection(ProjectConfigurationPlatforms) = postSolution
		{48CD96FD-270B-491B-83F6-6E2ECD07DE29}.Debug|Any CPU.ActiveCfg = Debug|Any CPU
		{48CD96FD-270B-491B-83F6-6E2ECD07DE29}.Debug|Any CPU.Build.0 = Debug|Any CPU
		{48CD96FD-270B-491B-83F6-6E2ECD07DE29}.Release|Any CPU.ActiveCfg = Release|Any CPU
		{48CD96FD-270B-491B-83F6-6E2ECD07DE29}.Release|Any CPU.Build.0 = Release|Any CPU
		{FE5B4B56-39AB-49C0-8274-8ADC348F4185}.Debug|Any CPU.ActiveCfg = Debug|Any CPU
		{FE5B4B56-39AB-49C0-8274-8ADC348F4185}.Debug|Any CPU.Build.0 = Debug|Any CPU
		{FE5B4B56-39AB-49C0-8274-8ADC348F4185}.Release|Any CPU.ActiveCfg = Release|Any CPU
		{FE5B4B56-39AB-49C0-8274-8ADC348F4185}.Release|Any CPU.Build.0 = Release|Any CPU
	EndGlobalSection
EndGlobal
